
Microsoft Visual Studio Solution File, Format Version 10.00
# Visual Studio 2008
Project("{8BC9CEB8-8B4A-11D0-8D11-00A0C91BC942}") = "CS580HW5", "CS580HW5.vcproj", "{752A5404-0B61-4D25-B3E6-E8598FF64967}"
EndProject
Global
	GlobalSection(SolutionConfigurationPlatforms) = preSolution
		Debug|Win32 = Debug|Win32
		Release|Win32 = Release|Win32
	EndGlobalSection
	GlobalSection(ProjectConfigurationPlatforms) = postSolution
		{752A5404-0B61-4D25-B3E6-E8598FF64967}.Debug|Win32.ActiveCfg = Debug|Win32
		{752A5404-0B61-4D25-B3E6-E8598FF64967}.Debug|Win32.Build.0 = Debug|Win32
		{752A5404-0B61-4D25-B3E6-E8598FF64967}.Release|Win32.ActiveCfg = Release|Win32
		{752A5404-0B61-4D25-B3E6-E8598FF64967}.Release|Win32.Build.0 = Release|Win32
	EndGlobalSection
	GlobalSection(SolutionProperties) = preSolution
		HideSolutionNode = FALSE
	EndGlobalSection
EndGlobal
